
Microsoft Visual Studio Solution File, Format Version 12.00
# Visual Studio Version 17
VisualStudioVersion = 17.0.31903.59
MinimumVisualStudioVersion = 10.0.40219.1
Project("{9A19103F-16F7-4668-BE54-9A1E7A4F7556}") = "SupportedOsMd", "SupportedOsMd\SupportedOsMd.csproj", "{FA386F26-4F90-4A2B-883B-85F903B2959C}"
EndProject
Project("{9A19103F-16F7-4668-BE54-9A1E7A4F7556}") = "EndOfLifeDate", "EndOfLifeDate\EndOfLifeDate.csproj", "{0A53E786-5D81-441B-84AA-2B79F17044C1}"
EndProject
Project("{9A19103F-16F7-4668-BE54-9A1E7A4F7556}") = "distroessed", "Distroessed\distroessed.csproj", "{6EAA58D5-2384-4457-AF47-F1F545AC1492}"
EndProject
Project("{9A19103F-16F7-4668-BE54-9A1E7A4F7556}") = "DotnetRelease", "DotnetRelease\DotnetRelease.csproj", "{BA60A845-611B-4D43-B7B0-DE8A062F09FD}"
EndProject
Project("{FAE04EC0-301F-11D3-BF4B-00C04F79EFBC}") = "MarkdownHelpers", "MarkdownHelpers\MarkdownHelpers.csproj", "{54629CF0-692A-4237-A1E9-C19022C40C48}"
EndProject
Project("{FAE04EC0-301F-11D3-BF4B-00C04F79EFBC}") = "LinuxPackagesMd", "LinuxPackagesMd\LinuxPackagesMd.csproj", "{34E637B6-58DA-48CE-B991-6A04C6672569}"
EndProject
Project("{FAE04EC0-301F-11D3-BF4B-00C04F79EFBC}") = "GenerateJsonSchemas", "GenerateJsonSchemas\GenerateJsonSchemas.csproj", "{5AB744AC-83F8-485F-AE8C-701A7F1C72E1}"
EndProject
Project("{FAE04EC0-301F-11D3-BF4B-00C04F79EFBC}") = "Test", "Test\Test.csproj", "{13C34522-E02C-4678-B1DF-E8E29EEFD20F}"
EndProject
Project("{FAE04EC0-301F-11D3-BF4B-00C04F79EFBC}") = "UpdateReleasesIndex", "UpdateReleasesIndex\UpdateReleasesIndex.csproj", "{1CC51404-5AB9-49BA-8BE7-6263259F02E9}"
EndProject
Project("{9A19103F-16F7-4668-BE54-9A1E7A4F7556}") = "ReleaseReport", "ReleaseReport\ReleaseReport.csproj", "{0A34777F-E4DC-4E37-A2CF-4B2110B60B47}"
EndProject
Project("{FAE04EC0-301F-11D3-BF4B-00C04F79EFBC}") = "DistroessedExceptional", "DistroessedExceptional\DistroessedExceptional.csproj", "{BC144CAE-80E0-4748-A7DC-B286380121D4}"
EndProject
Project("{FAE04EC0-301F-11D3-BF4B-00C04F79EFBC}") = "FileHelpers", "FileHelpers\FileHelpers.csproj", "{FA2A1527-0645-4074-BAC9-A2FA96391C5E}"
EndProject
Project("{FAE04EC0-301F-11D3-BF4B-00C04F79EFBC}") = "MarkdownTemplate", "MarkdownTemplate\MarkdownTemplate.csproj", "{3C6EF6E4-EB29-4ED6-A6AB-0634E213C785}"
EndProject
Project("{FAE04EC0-301F-11D3-BF4B-00C04F79EFBC}") = "CveMarkdown", "CveMarkdown\CveMarkdown.csproj", "{E1FF29DC-7190-4C90-BA38-E60DED15E4CB}"
EndProject
Project("{FAE04EC0-301F-11D3-BF4B-00C04F79EFBC}") = "CveInfo", "CveInfo\CveInfo.csproj", "{762A7783-A66D-4614-B272-4F6A45CC46E2}"
EndProject
Project("{FAE04EC0-301F-11D3-BF4B-00C04F79EFBC}") = "UpdateIndexes", "UpdateIndexes\UpdateIndexes.csproj", "{8AFDB59E-44DA-4E9E-8B3D-CC99FCAF555C}"
EndProject
Project("{FAE04EC0-301F-11D3-BF4B-00C04F79EFBC}") = "JsonSchemaInjector", "JsonSchemaInjector\JsonSchemaInjector.csproj", "{484C351F-B459-4F64-966F-14B7D7748DF7}"
EndProject
Global
	GlobalSection(SolutionConfigurationPlatforms) = preSolution
		Debug|Any CPU = Debug|Any CPU
		Debug|x64 = Debug|x64
		Debug|x86 = Debug|x86
		Release|Any CPU = Release|Any CPU
		Release|x64 = Release|x64
		Release|x86 = Release|x86
	EndGlobalSection
	GlobalSection(ProjectConfigurationPlatforms) = postSolution
		{FA386F26-4F90-4A2B-883B-85F903B2959C}.Debug|Any CPU.ActiveCfg = Debug|Any CPU
		{FA386F26-4F90-4A2B-883B-85F903B2959C}.Debug|Any CPU.Build.0 = Debug|Any CPU
		{FA386F26-4F90-4A2B-883B-85F903B2959C}.Debug|x64.ActiveCfg = Debug|Any CPU
		{FA386F26-4F90-4A2B-883B-85F903B2959C}.Debug|x64.Build.0 = Debug|Any CPU
		{FA386F26-4F90-4A2B-883B-85F903B2959C}.Debug|x86.ActiveCfg = Debug|Any CPU
		{FA386F26-4F90-4A2B-883B-85F903B2959C}.Debug|x86.Build.0 = Debug|Any CPU
		{FA386F26-4F90-4A2B-883B-85F903B2959C}.Release|Any CPU.ActiveCfg = Release|Any CPU
		{FA386F26-4F90-4A2B-883B-85F903B2959C}.Release|Any CPU.Build.0 = Release|Any CPU
		{FA386F26-4F90-4A2B-883B-85F903B2959C}.Release|x64.ActiveCfg = Release|Any CPU
		{FA386F26-4F90-4A2B-883B-85F903B2959C}.Release|x64.Build.0 = Release|Any CPU
		{FA386F26-4F90-4A2B-883B-85F903B2959C}.Release|x86.ActiveCfg = Release|Any CPU
		{FA386F26-4F90-4A2B-883B-85F903B2959C}.Release|x86.Build.0 = Release|Any CPU
		{0A53E786-5D81-441B-84AA-2B79F17044C1}.Debug|Any CPU.ActiveCfg = Debug|Any CPU
		{0A53E786-5D81-441B-84AA-2B79F17044C1}.Debug|Any CPU.Build.0 = Debug|Any CPU
		{0A53E786-5D81-441B-84AA-2B79F17044C1}.Debug|x64.ActiveCfg = Debug|Any CPU
		{0A53E786-5D81-441B-84AA-2B79F17044C1}.Debug|x64.Build.0 = Debug|Any CPU
		{0A53E786-5D81-441B-84AA-2B79F17044C1}.Debug|x86.ActiveCfg = Debug|Any CPU
		{0A53E786-5D81-441B-84AA-2B79F17044C1}.Debug|x86.Build.0 = Debug|Any CPU
		{0A53E786-5D81-441B-84AA-2B79F17044C1}.Release|Any CPU.ActiveCfg = Release|Any CPU
		{0A53E786-5D81-441B-84AA-2B79F17044C1}.Release|Any CPU.Build.0 = Release|Any CPU
		{0A53E786-5D81-441B-84AA-2B79F17044C1}.Release|x64.ActiveCfg = Release|Any CPU
		{0A53E786-5D81-441B-84AA-2B79F17044C1}.Release|x64.Build.0 = Release|Any CPU
		{0A53E786-5D81-441B-84AA-2B79F17044C1}.Release|x86.ActiveCfg = Release|Any CPU
		{0A53E786-5D81-441B-84AA-2B79F17044C1}.Release|x86.Build.0 = Release|Any CPU
		{6EAA58D5-2384-4457-AF47-F1F545AC1492}.Debug|Any CPU.ActiveCfg = Debug|Any CPU
		{6EAA58D5-2384-4457-AF47-F1F545AC1492}.Debug|Any CPU.Build.0 = Debug|Any CPU
		{6EAA58D5-2384-4457-AF47-F1F545AC1492}.Debug|x64.ActiveCfg = Debug|Any CPU
		{6EAA58D5-2384-4457-AF47-F1F545AC1492}.Debug|x64.Build.0 = Debug|Any CPU
		{6EAA58D5-2384-4457-AF47-F1F545AC1492}.Debug|x86.ActiveCfg = Debug|Any CPU
		{6EAA58D5-2384-4457-AF47-F1F545AC1492}.Debug|x86.Build.0 = Debug|Any CPU
		{6EAA58D5-2384-4457-AF47-F1F545AC1492}.Release|Any CPU.ActiveCfg = Release|Any CPU
		{6EAA58D5-2384-4457-AF47-F1F545AC1492}.Release|Any CPU.Build.0 = Release|Any CPU
		{6EAA58D5-2384-4457-AF47-F1F545AC1492}.Release|x64.ActiveCfg = Release|Any CPU
		{6EAA58D5-2384-4457-AF47-F1F545AC1492}.Release|x64.Build.0 = Release|Any CPU
		{6EAA58D5-2384-4457-AF47-F1F545AC1492}.Release|x86.ActiveCfg = Release|Any CPU
		{6EAA58D5-2384-4457-AF47-F1F545AC1492}.Release|x86.Build.0 = Release|Any CPU
		{BA60A845-611B-4D43-B7B0-DE8A062F09FD}.Debug|Any CPU.ActiveCfg = Debug|Any CPU
		{BA60A845-611B-4D43-B7B0-DE8A062F09FD}.Debug|Any CPU.Build.0 = Debug|Any CPU
		{BA60A845-611B-4D43-B7B0-DE8A062F09FD}.Debug|x64.ActiveCfg = Debug|Any CPU
		{BA60A845-611B-4D43-B7B0-DE8A062F09FD}.Debug|x64.Build.0 = Debug|Any CPU
		{BA60A845-611B-4D43-B7B0-DE8A062F09FD}.Debug|x86.ActiveCfg = Debug|Any CPU
		{BA60A845-611B-4D43-B7B0-DE8A062F09FD}.Debug|x86.Build.0 = Debug|Any CPU
		{BA60A845-611B-4D43-B7B0-DE8A062F09FD}.Release|Any CPU.ActiveCfg = Release|Any CPU
		{BA60A845-611B-4D43-B7B0-DE8A062F09FD}.Release|Any CPU.Build.0 = Release|Any CPU
		{BA60A845-611B-4D43-B7B0-DE8A062F09FD}.Release|x64.ActiveCfg = Release|Any CPU
		{BA60A845-611B-4D43-B7B0-DE8A062F09FD}.Release|x64.Build.0 = Release|Any CPU
		{BA60A845-611B-4D43-B7B0-DE8A062F09FD}.Release|x86.ActiveCfg = Release|Any CPU
		{BA60A845-611B-4D43-B7B0-DE8A062F09FD}.Release|x86.Build.0 = Release|Any CPU
		{54629CF0-692A-4237-A1E9-C19022C40C48}.Debug|Any CPU.ActiveCfg = Debug|Any CPU
		{54629CF0-692A-4237-A1E9-C19022C40C48}.Debug|Any CPU.Build.0 = Debug|Any CPU
		{54629CF0-692A-4237-A1E9-C19022C40C48}.Debug|x64.ActiveCfg = Debug|Any CPU
		{54629CF0-692A-4237-A1E9-C19022C40C48}.Debug|x64.Build.0 = Debug|Any CPU
		{54629CF0-692A-4237-A1E9-C19022C40C48}.Debug|x86.ActiveCfg = Debug|Any CPU
		{54629CF0-692A-4237-A1E9-C19022C40C48}.Debug|x86.Build.0 = Debug|Any CPU
		{54629CF0-692A-4237-A1E9-C19022C40C48}.Release|Any CPU.ActiveCfg = Release|Any CPU
		{54629CF0-692A-4237-A1E9-C19022C40C48}.Release|Any CPU.Build.0 = Release|Any CPU
		{54629CF0-692A-4237-A1E9-C19022C40C48}.Release|x64.ActiveCfg = Release|Any CPU
		{54629CF0-692A-4237-A1E9-C19022C40C48}.Release|x64.Build.0 = Release|Any CPU
		{54629CF0-692A-4237-A1E9-C19022C40C48}.Release|x86.ActiveCfg = Release|Any CPU
		{54629CF0-692A-4237-A1E9-C19022C40C48}.Release|x86.Build.0 = Release|Any CPU
		{34E637B6-58DA-48CE-B991-6A04C6672569}.Debug|Any CPU.ActiveCfg = Debug|Any CPU
		{34E637B6-58DA-48CE-B991-6A04C6672569}.Debug|Any CPU.Build.0 = Debug|Any CPU
		{34E637B6-58DA-48CE-B991-6A04C6672569}.Debug|x64.ActiveCfg = Debug|Any CPU
		{34E637B6-58DA-48CE-B991-6A04C6672569}.Debug|x64.Build.0 = Debug|Any CPU
		{34E637B6-58DA-48CE-B991-6A04C6672569}.Debug|x86.ActiveCfg = Debug|Any CPU
		{34E637B6-58DA-48CE-B991-6A04C6672569}.Debug|x86.Build.0 = Debug|Any CPU
		{34E637B6-58DA-48CE-B991-6A04C6672569}.Release|Any CPU.ActiveCfg = Release|Any CPU
		{34E637B6-58DA-48CE-B991-6A04C6672569}.Release|Any CPU.Build.0 = Release|Any CPU
		{34E637B6-58DA-48CE-B991-6A04C6672569}.Release|x64.ActiveCfg = Release|Any CPU
		{34E637B6-58DA-48CE-B991-6A04C6672569}.Release|x64.Build.0 = Release|Any CPU
		{34E637B6-58DA-48CE-B991-6A04C6672569}.Release|x86.ActiveCfg = Release|Any CPU
		{34E637B6-58DA-48CE-B991-6A04C6672569}.Release|x86.Build.0 = Release|Any CPU
		{5AB744AC-83F8-485F-AE8C-701A7F1C72E1}.Debug|Any CPU.ActiveCfg = Debug|Any CPU
		{5AB744AC-83F8-485F-AE8C-701A7F1C72E1}.Debug|Any CPU.Build.0 = Debug|Any CPU
		{5AB744AC-83F8-485F-AE8C-701A7F1C72E1}.Debug|x64.ActiveCfg = Debug|Any CPU
		{5AB744AC-83F8-485F-AE8C-701A7F1C72E1}.Debug|x64.Build.0 = Debug|Any CPU
		{5AB744AC-83F8-485F-AE8C-701A7F1C72E1}.Debug|x86.ActiveCfg = Debug|Any CPU
		{5AB744AC-83F8-485F-AE8C-701A7F1C72E1}.Debug|x86.Build.0 = Debug|Any CPU
		{5AB744AC-83F8-485F-AE8C-701A7F1C72E1}.Release|Any CPU.ActiveCfg = Release|Any CPU
		{5AB744AC-83F8-485F-AE8C-701A7F1C72E1}.Release|Any CPU.Build.0 = Release|Any CPU
		{5AB744AC-83F8-485F-AE8C-701A7F1C72E1}.Release|x64.ActiveCfg = Release|Any CPU
		{5AB744AC-83F8-485F-AE8C-701A7F1C72E1}.Release|x64.Build.0 = Release|Any CPU
		{5AB744AC-83F8-485F-AE8C-701A7F1C72E1}.Release|x86.ActiveCfg = Release|Any CPU
		{5AB744AC-83F8-485F-AE8C-701A7F1C72E1}.Release|x86.Build.0 = Release|Any CPU
		{13C34522-E02C-4678-B1DF-E8E29EEFD20F}.Debug|Any CPU.ActiveCfg = Debug|Any CPU
		{13C34522-E02C-4678-B1DF-E8E29EEFD20F}.Debug|Any CPU.Build.0 = Debug|Any CPU
		{13C34522-E02C-4678-B1DF-E8E29EEFD20F}.Debug|x64.ActiveCfg = Debug|Any CPU
		{13C34522-E02C-4678-B1DF-E8E29EEFD20F}.Debug|x64.Build.0 = Debug|Any CPU
		{13C34522-E02C-4678-B1DF-E8E29EEFD20F}.Debug|x86.ActiveCfg = Debug|Any CPU
		{13C34522-E02C-4678-B1DF-E8E29EEFD20F}.Debug|x86.Build.0 = Debug|Any CPU
		{13C34522-E02C-4678-B1DF-E8E29EEFD20F}.Release|Any CPU.ActiveCfg = Release|Any CPU
		{13C34522-E02C-4678-B1DF-E8E29EEFD20F}.Release|Any CPU.Build.0 = Release|Any CPU
		{13C34522-E02C-4678-B1DF-E8E29EEFD20F}.Release|x64.ActiveCfg = Release|Any CPU
		{13C34522-E02C-4678-B1DF-E8E29EEFD20F}.Release|x64.Build.0 = Release|Any CPU
		{13C34522-E02C-4678-B1DF-E8E29EEFD20F}.Release|x86.ActiveCfg = Release|Any CPU
		{13C34522-E02C-4678-B1DF-E8E29EEFD20F}.Release|x86.Build.0 = Release|Any CPU
		{1CC51404-5AB9-49BA-8BE7-6263259F02E9}.Debug|Any CPU.ActiveCfg = Debug|Any CPU
		{1CC51404-5AB9-49BA-8BE7-6263259F02E9}.Debug|Any CPU.Build.0 = Debug|Any CPU
		{1CC51404-5AB9-49BA-8BE7-6263259F02E9}.Debug|x64.ActiveCfg = Debug|Any CPU
		{1CC51404-5AB9-49BA-8BE7-6263259F02E9}.Debug|x64.Build.0 = Debug|Any CPU
		{1CC51404-5AB9-49BA-8BE7-6263259F02E9}.Debug|x86.ActiveCfg = Debug|Any CPU
		{1CC51404-5AB9-49BA-8BE7-6263259F02E9}.Debug|x86.Build.0 = Debug|Any CPU
		{1CC51404-5AB9-49BA-8BE7-6263259F02E9}.Release|Any CPU.ActiveCfg = Release|Any CPU
		{1CC51404-5AB9-49BA-8BE7-6263259F02E9}.Release|Any CPU.Build.0 = Release|Any CPU
		{1CC51404-5AB9-49BA-8BE7-6263259F02E9}.Release|x64.ActiveCfg = Release|Any CPU
		{1CC51404-5AB9-49BA-8BE7-6263259F02E9}.Release|x64.Build.0 = Release|Any CPU
		{1CC51404-5AB9-49BA-8BE7-6263259F02E9}.Release|x86.ActiveCfg = Release|Any CPU
		{1CC51404-5AB9-49BA-8BE7-6263259F02E9}.Release|x86.Build.0 = Release|Any CPU
		{0A34777F-E4DC-4E37-A2CF-4B2110B60B47}.Debug|Any CPU.ActiveCfg = Debug|Any CPU
		{0A34777F-E4DC-4E37-A2CF-4B2110B60B47}.Debug|Any CPU.Build.0 = Debug|Any CPU
		{0A34777F-E4DC-4E37-A2CF-4B2110B60B47}.Debug|x64.ActiveCfg = Debug|Any CPU
		{0A34777F-E4DC-4E37-A2CF-4B2110B60B47}.Debug|x64.Build.0 = Debug|Any CPU
		{0A34777F-E4DC-4E37-A2CF-4B2110B60B47}.Debug|x86.ActiveCfg = Debug|Any CPU
		{0A34777F-E4DC-4E37-A2CF-4B2110B60B47}.Debug|x86.Build.0 = Debug|Any CPU
		{0A34777F-E4DC-4E37-A2CF-4B2110B60B47}.Release|Any CPU.ActiveCfg = Release|Any CPU
		{0A34777F-E4DC-4E37-A2CF-4B2110B60B47}.Release|Any CPU.Build.0 = Release|Any CPU
		{0A34777F-E4DC-4E37-A2CF-4B2110B60B47}.Release|x64.ActiveCfg = Release|Any CPU
		{0A34777F-E4DC-4E37-A2CF-4B2110B60B47}.Release|x64.Build.0 = Release|Any CPU
		{0A34777F-E4DC-4E37-A2CF-4B2110B60B47}.Release|x86.ActiveCfg = Release|Any CPU
		{0A34777F-E4DC-4E37-A2CF-4B2110B60B47}.Release|x86.Build.0 = Release|Any CPU
		{BC144CAE-80E0-4748-A7DC-B286380121D4}.Debug|Any CPU.ActiveCfg = Debug|Any CPU
		{BC144CAE-80E0-4748-A7DC-B286380121D4}.Debug|Any CPU.Build.0 = Debug|Any CPU
		{BC144CAE-80E0-4748-A7DC-B286380121D4}.Debug|x64.ActiveCfg = Debug|Any CPU
		{BC144CAE-80E0-4748-A7DC-B286380121D4}.Debug|x64.Build.0 = Debug|Any CPU
		{BC144CAE-80E0-4748-A7DC-B286380121D4}.Debug|x86.ActiveCfg = Debug|Any CPU
		{BC144CAE-80E0-4748-A7DC-B286380121D4}.Debug|x86.Build.0 = Debug|Any CPU
		{BC144CAE-80E0-4748-A7DC-B286380121D4}.Release|Any CPU.ActiveCfg = Release|Any CPU
		{BC144CAE-80E0-4748-A7DC-B286380121D4}.Release|Any CPU.Build.0 = Release|Any CPU
		{BC144CAE-80E0-4748-A7DC-B286380121D4}.Release|x64.ActiveCfg = Release|Any CPU
		{BC144CAE-80E0-4748-A7DC-B286380121D4}.Release|x64.Build.0 = Release|Any CPU
		{BC144CAE-80E0-4748-A7DC-B286380121D4}.Release|x86.ActiveCfg = Release|Any CPU
		{BC144CAE-80E0-4748-A7DC-B286380121D4}.Release|x86.Build.0 = Release|Any CPU
		{FA2A1527-0645-4074-BAC9-A2FA96391C5E}.Debug|Any CPU.ActiveCfg = Debug|Any CPU
		{FA2A1527-0645-4074-BAC9-A2FA96391C5E}.Debug|Any CPU.Build.0 = Debug|Any CPU
		{FA2A1527-0645-4074-BAC9-A2FA96391C5E}.Debug|x64.ActiveCfg = Debug|Any CPU
		{FA2A1527-0645-4074-BAC9-A2FA96391C5E}.Debug|x64.Build.0 = Debug|Any CPU
		{FA2A1527-0645-4074-BAC9-A2FA96391C5E}.Debug|x86.ActiveCfg = Debug|Any CPU
		{FA2A1527-0645-4074-BAC9-A2FA96391C5E}.Debug|x86.Build.0 = Debug|Any CPU
		{FA2A1527-0645-4074-BAC9-A2FA96391C5E}.Release|Any CPU.ActiveCfg = Release|Any CPU
		{FA2A1527-0645-4074-BAC9-A2FA96391C5E}.Release|Any CPU.Build.0 = Release|Any CPU
		{FA2A1527-0645-4074-BAC9-A2FA96391C5E}.Release|x64.ActiveCfg = Release|Any CPU
		{FA2A1527-0645-4074-BAC9-A2FA96391C5E}.Release|x64.Build.0 = Release|Any CPU
		{FA2A1527-0645-4074-BAC9-A2FA96391C5E}.Release|x86.ActiveCfg = Release|Any CPU
		{FA2A1527-0645-4074-BAC9-A2FA96391C5E}.Release|x86.Build.0 = Release|Any CPU
		{3C6EF6E4-EB29-4ED6-A6AB-0634E213C785}.Debug|Any CPU.ActiveCfg = Debug|Any CPU
		{3C6EF6E4-EB29-4ED6-A6AB-0634E213C785}.Debug|Any CPU.Build.0 = Debug|Any CPU
		{3C6EF6E4-EB29-4ED6-A6AB-0634E213C785}.Debug|x64.ActiveCfg = Debug|Any CPU
		{3C6EF6E4-EB29-4ED6-A6AB-0634E213C785}.Debug|x64.Build.0 = Debug|Any CPU
		{3C6EF6E4-EB29-4ED6-A6AB-0634E213C785}.Debug|x86.ActiveCfg = Debug|Any CPU
		{3C6EF6E4-EB29-4ED6-A6AB-0634E213C785}.Debug|x86.Build.0 = Debug|Any CPU
		{3C6EF6E4-EB29-4ED6-A6AB-0634E213C785}.Release|Any CPU.ActiveCfg = Release|Any CPU
		{3C6EF6E4-EB29-4ED6-A6AB-0634E213C785}.Release|Any CPU.Build.0 = Release|Any CPU
		{3C6EF6E4-EB29-4ED6-A6AB-0634E213C785}.Release|x64.ActiveCfg = Release|Any CPU
		{3C6EF6E4-EB29-4ED6-A6AB-0634E213C785}.Release|x64.Build.0 = Release|Any CPU
		{3C6EF6E4-EB29-4ED6-A6AB-0634E213C785}.Release|x86.ActiveCfg = Release|Any CPU
		{3C6EF6E4-EB29-4ED6-A6AB-0634E213C785}.Release|x86.Build.0 = Release|Any CPU
		{E1FF29DC-7190-4C90-BA38-E60DED15E4CB}.Debug|Any CPU.ActiveCfg = Debug|Any CPU
		{E1FF29DC-7190-4C90-BA38-E60DED15E4CB}.Debug|Any CPU.Build.0 = Debug|Any CPU
		{E1FF29DC-7190-4C90-BA38-E60DED15E4CB}.Debug|x64.ActiveCfg = Debug|Any CPU
		{E1FF29DC-7190-4C90-BA38-E60DED15E4CB}.Debug|x64.Build.0 = Debug|Any CPU
		{E1FF29DC-7190-4C90-BA38-E60DED15E4CB}.Debug|x86.ActiveCfg = Debug|Any CPU
		{E1FF29DC-7190-4C90-BA38-E60DED15E4CB}.Debug|x86.Build.0 = Debug|Any CPU
		{E1FF29DC-7190-4C90-BA38-E60DED15E4CB}.Release|Any CPU.ActiveCfg = Release|Any CPU
		{E1FF29DC-7190-4C90-BA38-E60DED15E4CB}.Release|Any CPU.Build.0 = Release|Any CPU
		{E1FF29DC-7190-4C90-BA38-E60DED15E4CB}.Release|x64.ActiveCfg = Release|Any CPU
		{E1FF29DC-7190-4C90-BA38-E60DED15E4CB}.Release|x64.Build.0 = Release|Any CPU
		{E1FF29DC-7190-4C90-BA38-E60DED15E4CB}.Release|x86.ActiveCfg = Release|Any CPU
		{E1FF29DC-7190-4C90-BA38-E60DED15E4CB}.Release|x86.Build.0 = Release|Any CPU
		{762A7783-A66D-4614-B272-4F6A45CC46E2}.Debug|Any CPU.ActiveCfg = Debug|Any CPU
		{762A7783-A66D-4614-B272-4F6A45CC46E2}.Debug|Any CPU.Build.0 = Debug|Any CPU
		{762A7783-A66D-4614-B272-4F6A45CC46E2}.Debug|x64.ActiveCfg = Debug|Any CPU
		{762A7783-A66D-4614-B272-4F6A45CC46E2}.Debug|x64.Build.0 = Debug|Any CPU
		{762A7783-A66D-4614-B272-4F6A45CC46E2}.Debug|x86.ActiveCfg = Debug|Any CPU
		{762A7783-A66D-4614-B272-4F6A45CC46E2}.Debug|x86.Build.0 = Debug|Any CPU
		{762A7783-A66D-4614-B272-4F6A45CC46E2}.Release|Any CPU.ActiveCfg = Release|Any CPU
		{762A7783-A66D-4614-B272-4F6A45CC46E2}.Release|Any CPU.Build.0 = Release|Any CPU
		{762A7783-A66D-4614-B272-4F6A45CC46E2}.Release|x64.ActiveCfg = Release|Any CPU
		{762A7783-A66D-4614-B272-4F6A45CC46E2}.Release|x64.Build.0 = Release|Any CPU
		{762A7783-A66D-4614-B272-4F6A45CC46E2}.Release|x86.ActiveCfg = Release|Any CPU
		{762A7783-A66D-4614-B272-4F6A45CC46E2}.Release|x86.Build.0 = Release|Any CPU
		{8AFDB59E-44DA-4E9E-8B3D-CC99FCAF555C}.Debug|Any CPU.ActiveCfg = Debug|Any CPU
		{8AFDB59E-44DA-4E9E-8B3D-CC99FCAF555C}.Debug|Any CPU.Build.0 = Debug|Any CPU
		{8AFDB59E-44DA-4E9E-8B3D-CC99FCAF555C}.Debug|x64.ActiveCfg = Debug|Any CPU
		{8AFDB59E-44DA-4E9E-8B3D-CC99FCAF555C}.Debug|x64.Build.0 = Debug|Any CPU
		{8AFDB59E-44DA-4E9E-8B3D-CC99FCAF555C}.Debug|x86.ActiveCfg = Debug|Any CPU
		{8AFDB59E-44DA-4E9E-8B3D-CC99FCAF555C}.Debug|x86.Build.0 = Debug|Any CPU
		{8AFDB59E-44DA-4E9E-8B3D-CC99FCAF555C}.Release|Any CPU.ActiveCfg = Release|Any CPU
		{8AFDB59E-44DA-4E9E-8B3D-CC99FCAF555C}.Release|Any CPU.Build.0 = Release|Any CPU
		{8AFDB59E-44DA-4E9E-8B3D-CC99FCAF555C}.Release|x64.ActiveCfg = Release|Any CPU
		{8AFDB59E-44DA-4E9E-8B3D-CC99FCAF555C}.Release|x64.Build.0 = Release|Any CPU
		{8AFDB59E-44DA-4E9E-8B3D-CC99FCAF555C}.Release|x86.ActiveCfg = Release|Any CPU
		{8AFDB59E-44DA-4E9E-8B3D-CC99FCAF555C}.Release|x86.Build.0 = Release|Any CPU
		{484C351F-B459-4F64-966F-14B7D7748DF7}.Debug|Any CPU.ActiveCfg = Debug|Any CPU
		{484C351F-B459-4F64-966F-14B7D7748DF7}.Debug|Any CPU.Build.0 = Debug|Any CPU
		{484C351F-B459-4F64-966F-14B7D7748DF7}.Debug|x64.ActiveCfg = Debug|Any CPU
		{484C351F-B459-4F64-966F-14B7D7748DF7}.Debug|x64.Build.0 = Debug|Any CPU
		{484C351F-B459-4F64-966F-14B7D7748DF7}.Debug|x86.ActiveCfg = Debug|Any CPU
		{484C351F-B459-4F64-966F-14B7D7748DF7}.Debug|x86.Build.0 = Debug|Any CPU
		{484C351F-B459-4F64-966F-14B7D7748DF7}.Release|Any CPU.ActiveCfg = Release|Any CPU
		{484C351F-B459-4F64-966F-14B7D7748DF7}.Release|Any CPU.Build.0 = Release|Any CPU
		{484C351F-B459-4F64-966F-14B7D7748DF7}.Release|x64.ActiveCfg = Release|Any CPU
		{484C351F-B459-4F64-966F-14B7D7748DF7}.Release|x64.Build.0 = Release|Any CPU
		{484C351F-B459-4F64-966F-14B7D7748DF7}.Release|x86.ActiveCfg = Release|Any CPU
		{484C351F-B459-4F64-966F-14B7D7748DF7}.Release|x86.Build.0 = Release|Any CPU
	EndGlobalSection
	GlobalSection(SolutionProperties) = preSolution
		HideSolutionNode = FALSE
	EndGlobalSection
EndGlobal
